// !$*UTF8*$!
{
	archiveVersion = 1;
	classes = {
	};
	objectVersion = 50;
	objects = {

/* Begin PBXBuildFile section */
		180E556C22ED6E6600E34821 /* AppDelegate.swift in Sources */ = {isa = PBXBuildFile; fileRef = 180E556B22ED6E6600E34821 /* AppDelegate.swift */; };
		180E557122ED6E6600E34821 /* Main.storyboard in Resources */ = {isa = PBXBuildFile; fileRef = 180E556F22ED6E6600E34821 /* Main.storyboard */; };
		180E557322ED6E6700E34821 /* Assets.xcassets in Resources */ = {isa = PBXBuildFile; fileRef = 180E557222ED6E6700E34821 /* Assets.xcassets */; };
		180E557622ED6E6700E34821 /* LaunchScreen.storyboard in Resources */ = {isa = PBXBuildFile; fileRef = 180E557422ED6E6700E34821 /* LaunchScreen.storyboard */; };
		180E557E22ED6EF900E34821 /* KAActivityLoaderView.swift in Sources */ = {isa = PBXBuildFile; fileRef = 180E557D22ED6EF900E34821 /* KAActivityLoaderView.swift */; };
		180E558022ED6F0E00E34821 /* ActivityLoaderManager.swift in Sources */ = {isa = PBXBuildFile; fileRef = 180E557F22ED6F0E00E34821 /* ActivityLoaderManager.swift */; };
		180E558222ED6F2300E34821 /* ViewController.swift in Sources */ = {isa = PBXBuildFile; fileRef = 180E558122ED6F2300E34821 /* ViewController.swift */; };
/* End PBXBuildFile section */

/* Begin PBXFileReference section */
		180E556822ED6E6500E34821 /* KAActivityLoader.app */ = {isa = PBXFileReference; explicitFileType = wrapper.application; includeInIndex = 0; path = KAActivityLoader.app; sourceTree = BUILT_PRODUCTS_DIR; };
		180E556B22ED6E6600E34821 /* AppDelegate.swift */ = {isa = PBXFileReference; lastKnownFileType = sourcecode.swift; path = AppDelegate.swift; sourceTree = "<group>"; };
		180E557022ED6E6600E34821 /* Base */ = {isa = PBXFileReference; lastKnownFileType = file.storyboard; name = Base; path = Base.lproj/Main.storyboard; sourceTree = "<group>"; };
		180E557222ED6E6700E34821 /* Assets.xcassets */ = {isa = PBXFileReference; lastKnownFileType = folder.assetcatalog; path = Assets.xcassets; sourceTree = "<group>"; };
		180E557522ED6E6700E34821 /* Base */ = {isa = PBXFileReference; lastKnownFileType = file.storyboard; name = Base; path = Base.lproj/LaunchScreen.storyboard; sourceTree = "<group>"; };
		180E557722ED6E6700E34821 /* Info.plist */ = {isa = PBXFileReference; lastKnownFileType = text.plist.xml; path = Info.plist; sourceTree = "<group>"; };
		180E557D22ED6EF900E34821 /* KAActivityLoaderView.swift */ = {isa = PBXFileReference; fileEncoding = 4; lastKnownFileType = sourcecode.swift; path = KAActivityLoaderView.swift; sourceTree = "<group>"; };
		180E557F22ED6F0E00E34821 /* ActivityLoaderManager.swift */ = {isa = PBXFileReference; fileEncoding = 4; lastKnownFileType = sourcecode.swift; path = ActivityLoaderManager.swift; sourceTree = "<group>"; };
		180E558122ED6F2300E34821 /* ViewController.swift */ = {isa = PBXFileReference; fileEncoding = 4; lastKnownFileType = sourcecode.swift; name = ViewController.swift; path = KAActivityLoader/ViewController.swift; sourceTree = SOURCE_ROOT; };
/* End PBXFileReference section */

/* Begin PBXFrameworksBuildPhase section */
		180E556522ED6E6500E34821 /* Frameworks */ = {
			isa = PBXFrameworksBuildPhase;
			buildActionMask = 2147483647;
			files = (
			);
			runOnlyForDeploymentPostprocessing = 0;
		};
/* End PBXFrameworksBuildPhase section */

/* Begin PBXGroup section */
		180E555F22ED6E6500E34821 = {
			isa = PBXGroup;
			children = (
				180E556A22ED6E6500E34821 /* KAActivityLoader */,
				180E556922ED6E6500E34821 /* Products */,
			);
			sourceTree = "<group>";
		};
		180E556922ED6E6500E34821 /* Products */ = {
			isa = PBXGroup;
			children = (
				180E556822ED6E6500E34821 /* KAActivityLoader.app */,
			);
			name = Products;
			sourceTree = "<group>";
		};
		180E556A22ED6E6500E34821 /* KAActivityLoader */ = {
			isa = PBXGroup;
			children = (
				180E556B22ED6E6600E34821 /* AppDelegate.swift */,
				180E558122ED6F2300E34821 /* ViewController.swift */,
				180E557F22ED6F0E00E34821 /* ActivityLoaderManager.swift */,
				180E557D22ED6EF900E34821 /* KAActivityLoaderView.swift */,
				180E556F22ED6E6600E34821 /* Main.storyboard */,
				180E557222ED6E6700E34821 /* Assets.xcassets */,
				180E557422ED6E6700E34821 /* LaunchScreen.storyboard */,
				180E557722ED6E6700E34821 /* Info.plist */,
			);
			path = KAActivityLoader;
			sourceTree = "<group>";
		};
/* End PBXGroup section */

/* Begin PBXNativeTarget section */
		180E556722ED6E6500E34821 /* KAActivityLoader */ = {
			isa = PBXNativeTarget;
			buildConfigurationList = 180E557A22ED6E6700E34821 /* Build configuration list for PBXNativeTarget "KAActivityLoader" */;
			buildPhases = (
				180E556422ED6E6500E34821 /* Sources */,
				180E556522ED6E6500E34821 /* Frameworks */,
				180E556622ED6E6500E34821 /* Resources */,
			);
			buildRules = (
			);
			dependencies = (
			);
			name = KAActivityLoader;
			productName = KAActivityLoader;
			productReference = 180E556822ED6E6500E34821 /* KAActivityLoader.app */;
			productType = "com.apple.product-type.application";
		};
/* End PBXNativeTarget section */

/* Begin PBXProject section */
		180E556022ED6E6500E34821 /* Project object */ = {
			isa = PBXProject;
			attributes = {
				LastSwiftUpdateCheck = 1020;
				LastUpgradeCheck = 1020;
				ORGANIZATIONNAME = Khan;
				TargetAttributes = {
					180E556722ED6E6500E34821 = {
						CreatedOnToolsVersion = 10.2.1;
					};
				};
			};
			buildConfigurationList = 180E556322ED6E6500E34821 /* Build configuration list for PBXProject "KAActivityLoader" */;
			compatibilityVersion = "Xcode 9.3";
			developmentRegion = en;
			hasScannedForEncodings = 0;
			knownRegions = (
				en,
				Base,
			);
			mainGroup = 180E555F22ED6E6500E34821;
			productRefGroup = 180E556922ED6E6500E34821 /* Products */;
			projectDirPath = "";
			projectRoot = "";
			targets = (
				180E556722ED6E6500E34821 /* KAActivityLoader */,
			);
		};
/* End PBXProject section */

/* Begin PBXResourcesBuildPhase section */
		180E556622ED6E6500E34821 /* Resources */ = {
			isa = PBXResourcesBuildPhase;
			buildActionMask = 2147483647;
			files = (
				180E557622ED6E6700E34821 /* LaunchScreen.storyboard in Resources */,
				180E557322ED6E6700E34821 /* Assets.xcassets in Resources */,
				180E557122ED6E6600E34821 /* Main.storyboard in Resources */,
			);
			runOnlyForDeploymentPostprocessing = 0;
		};
/* End PBXResourcesBuildPhase section */

/* Begin PBXSourcesBuildPhase section */
		180E556422ED6E6500E34821 /* Sources */ = {
			isa = PBXSourcesBuildPhase;
			buildActionMask = 2147483647;
			files = (
				180E558222ED6F2300E34821 /* ViewController.swift in Sources */,
				180E557E22ED6EF900E34821 /* KAActivityLoaderView.swift in Sources */,
				180E558022ED6F0E00E34821 /* ActivityLoaderManager.swift in Sources */,
				180E556C22ED6E6600E34821 /* AppDelegate.swift in Sources */,
			);
			runOnlyForDeploymentPostprocessing = 0;
		};
/* End PBXSourcesBuildPhase section */

/* Begin PBXVariantGroup section */
		180E556F22ED6E6600E34821 /* Main.storyboard */ = {
			isa = PBXVariantGroup;
			children = (
				180E557022ED6E6600E34821 /* Base */,
			);
			name = Main.storyboard;
			sourceTree = "<group>";
		};
		180E557422ED6E6700E34821 /* LaunchScreen.storyboard */ = {
			isa = PBXVariantGroup;
			children = (
				180E557522ED6E6700E34821 /* Base */,
			);
			name = LaunchScreen.storyboard;
			sourceTree = "<group>";
		};
/* End PBXVariantGroup section */

/* Begin XCBuildConfiguration section */
		180E557822ED6E6700E34821 /* Debug */ = {
			isa = XCBuildConfiguration;
			buildSettings = {
				ALWAYS_SEARCH_USER_PATHS = NO;
				CLANG_ANALYZER_NONNULL = YES;
				CLANG_ANALYZER_NUMBER_OBJECT_CONVERSION = YES_AGGRESSIVE;
				CLANG_CXX_LANGUAGE_STANDARD = "gnu++14";
				CLANG_CXX_LIBRARY = "libc++";
				CLANG_ENABLE_MODULES = YES;
				CLANG_ENABLE_OBJC_ARC = YES;
				CLANG_ENABLE_OBJC_WEAK = YES;
				CLANG_WARN_BLOCK_CAPTURE_AUTORELEASING = YES;
				CLANG_WARN_BOOL_CONVERSION = YES;
				CLANG_WARN_COMMA = YES;
				CLANG_WARN_CONSTANT_CONVERSION = YES;
				CLANG_WARN_DEPRECATED_OBJC_IMPLEMENTATIONS = YES;
				CLANG_WARN_DIRECT_OBJC_ISA_USAGE = YES_ERROR;
				CLANG_WARN_DOCUMENTATION_COMMENTS = YES;
				CLANG_WARN_EMPTY_BODY = YES;
				CLANG_WARN_ENUM_CONVERSION = YES;
				CLANG_WARN_INFINITE_RECURSION = YES;
				CLANG_WARN_INT_CONVERSION = YES;
				CLANG_WARN_NON_LITERAL_NULL_CONVERSION = YES;
				CLANG_WARN_OBJC_IMPLICIT_RETAIN_SELF = YES;
				CLANG_WARN_OBJC_LITERAL_CONVERSION = YES;
				CLANG_WARN_OBJC_ROOT_CLASS = YES_ERROR;
				CLANG_WARN_RANGE_LOOP_ANALYSIS = YES;
				CLANG_WARN_STRICT_PROTOTYPES = YES;
				CLANG_WARN_SUSPICIOUS_MOVE = YES;
				CLANG_WARN_UNGUARDED_AVAILABILITY = YES_AGGRESSIVE;
				CLANG_WARN_UNREACHABLE_CODE = YES;
				CLANG_WARN__DUPLICATE_METHOD_MATCH = YES;
				CODE_SIGN_IDENTITY = "iPhone Developer";
				COPY_PHASE_STRIP = NO;
				DEBUG_INFORMATION_FORMAT = dwarf;
				ENABLE_STRICT_OBJC_MSGSEND = YES;
				ENABLE_TESTABILITY = YES;
				GCC_C_LANGUAGE_STANDARD = gnu11;
				GCC_DYNAMIC_NO_PIC = NO;
				GCC_NO_COMMON_BLOCKS = YES;
				GCC_OPTIMIZATION_LEVEL = 0;
				GCC_PREPROCESSOR_DEFINITIONS = (
					"DEBUG=1",
					"$(inherited)",
				);
				GCC_WARN_64_TO_32_BIT_CONVERSION = YES;
				GCC_WARN_ABOUT_RETURN_TYPE = YES_ERROR;
				GCC_WARN_UNDECLARED_SELECTOR = YES;
				GCC_WARN_UNINITIALIZED_AUTOS = YES_AGGRESSIVE;
				GCC_WARN_UNUSED_FUNCTION = YES;
				GCC_WARN_UNUSED_VARIABLE = YES;
				IPHONEOS_DEPLOYMENT_TARGET = 12.2;
				MTL_ENABLE_DEBUG_INFO = INCLUDE_SOURCE;
				MTL_FAST_MATH = YES;
				ONLY_ACTIVE_ARCH = YES;
				SDKROOT = iphoneos;
				SWIFT_ACTIVE_COMPILATION_CONDITIONS = DEBUG;
				SWIFT_OPTIMIZATION_LEVEL = "-Onone";
			};
			name = Debug;
		};
		180E557922ED6E6700E34821 /* Release */ = {
			isa = XCBuildConfiguration;
			buildSettings = {
				ALWAYS_SEARCH_USER_PATHS = NO;
				CLANG_ANALYZER_NONNULL = YES;
				CLANG_ANALYZER_NUMBER_OBJECT_CONVERSION = YES_AGGRESSIVE;
				CLANG_CXX_LANGUAGE_STANDARD = "gnu++14";
				CLANG_CXX_LIBRARY = "libc++";
				CLANG_ENABLE_MODULES = YES;
				CLANG_ENABLE_OBJC_ARC = YES;
				CLANG_ENABLE_OBJC_WEAK = YES;
				CLANG_WARN_BLOCK_CAPTURE_AUTORELEASING = YES;
				CLANG_WARN_BOOL_CONVERSION = YES;
				CLANG_WARN_COMMA = YES;
				CLANG_WARN_CONSTANT_CONVERSION = YES;
				CLANG_WARN_DEPRECATED_OBJC_IMPLEMENTATIONS = YES;
				CLANG_WARN_DIRECT_OBJC_ISA_USAGE = YES_ERROR;
				CLANG_WARN_DOCUMENTATION_COMMENTS = YES;
				CLANG_WARN_EMPTY_BODY = YES;
				CLANG_WARN_ENUM_CONVERSION = YES;
				CLANG_WARN_INFINITE_RECURSION = YES;
				CLANG_WARN_INT_CONVERSION = YES;
				CLANG_WARN_NON_LITERAL_NULL_CONVERSION = YES;
				CLANG_WARN_OBJC_IMPLICIT_RETAIN_SELF = YES;
				CLANG_WARN_OBJC_LITERAL_CONVERSION = YES;
				CLANG_WARN_OBJC_ROOT_CLASS = YES_ERROR;
				CLANG_WARN_RANGE_LOOP_ANALYSIS = YES;
				CLANG_WARN_STRICT_PROTOTYPES = YES;
				CLANG_WARN_SUSPICIOUS_MOVE = YES;
				CLANG_WARN_UNGUARDED_AVAILABILITY = YES_AGGRESSIVE;
				CLANG_WARN_UNREACHABLE_CODE = YES;
				CLANG_WARN__DUPLICATE_METHOD_MATCH = YES;
				CODE_SIGN_IDENTITY = "iPhone Developer";
				COPY_PHASE_STRIP = NO;
				DEBUG_INFORMATION_FORMAT = "dwarf-with-dsym";
				ENABLE_NS_ASSERTIONS = NO;
				ENABLE_STRICT_OBJC_MSGSEND = YES;
				GCC_C_LANGUAGE_STANDARD = gnu11;
				GCC_NO_COMMON_BLOCKS = YES;
				GCC_WARN_64_TO_32_BIT_CONVERSION = YES;
				GCC_WARN_ABOUT_RETURN_TYPE = YES_ERROR;
				GCC_WARN_UNDECLARED_SELECTOR = YES;
				GCC_WARN_UNINITIALIZED_AUTOS = YES_AGGRESSIVE;
				GCC_WARN_UNUSED_FUNCTION = YES;
				GCC_WARN_UNUSED_VARIABLE = YES;
				IPHONEOS_DEPLOYMENT_TARGET = 12.2;
				MTL_ENABLE_DEBUG_INFO = NO;
				MTL_FAST_MATH = YES;
				SDKROOT = iphoneos;
				SWIFT_COMPILATION_MODE = wholemodule;
				SWIFT_OPTIMIZATION_LEVEL = "-O";
				VALIDATE_PRODUCT = YES;
			};
			name = Release;
		};
		180E557B22ED6E6700E34821 /* Debug */ = {
			isa = XCBuildConfiguration;
			buildSettings = {
				ASSETCATALOG_COMPILER_APPICON_NAME = AppIcon;
				CODE_SIGN_STYLE = Automatic;
				INFOPLIST_FILE = KAActivityLoader/Info.plist;
				IPHONEOS_DEPLOYMENT_TARGET = 10.0;
				LD_RUNPATH_SEARCH_PATHS = (
					"$(inherited)",
					"@executable_path/Frameworks",
				);
				PRODUCT_BUNDLE_IDENTIFIER = Khan.KAActivityLoader;
				PRODUCT_NAME = "$(TARGET_NAME)";
				SWIFT_VERSION = 4.0;
				TARGETED_DEVICE_FAMILY = 1;
			};
			name = Debug;
		};
		180E557C22ED6E6700E34821 /* Release */ = {
			isa = XCBuildConfiguration;
			buildSettings = {
				ASSETCATALOG_COMPILER_APPICON_NAME = AppIcon;
				CODE_SIGN_STYLE = Automatic;
				INFOPLIST_FILE = KAActivityLoader/Info.plist;
				IPHONEOS_DEPLOYMENT_TARGET = 10.0;
				LD_RUNPATH_SEARCH_PATHS = (
					"$(inherited)",
					"@executable_path/Frameworks",
				);
				PRODUCT_BUNDLE_IDENTIFIER = Khan.KAActivityLoader;
				PRODUCT_NAME = "$(TARGET_NAME)";
				SWIFT_VERSION = 4.0;
				TARGETED_DEVICE_FAMILY = 1;
			};
			name = Release;
		};
/* End XCBuildConfiguration section */

/* Begin XCConfigurationList section */
		180E556322ED6E6500E34821 /* Build configuration list for PBXProject "KAActivityLoader" */ = {
			isa = XCConfigurationList;
			buildConfigurations = (
				180E557822ED6E6700E34821 /* Debug */,
				180E557922ED6E6700E34821 /* Release */,
			);
			defaultConfigurationIsVisible = 0;
			defaultConfigurationName = Release;
		};
		180E557A22ED6E6700E34821 /* Build configuration list for PBXNativeTarget "KAActivityLoader" */ = {
			isa = XCConfigurationList;
			buildConfigurations = (
				180E557B22ED6E6700E34821 /* Debug */,
				180E557C22ED6E6700E34821 /* Release */,
			);
			defaultConfigurationIsVisible = 0;
			defaultConfigurationName = Release;
		};
/* End XCConfigurationList section */
	};
	rootObject = 180E556022ED6E6500E34821 /* Project object */;
}
